
Microsoft Visual Studio Solution File, Format Version 12.00
# Visual Studio 2012
Project("{FAE04EC0-301F-11D3-BF4B-00C04F79EFBC}") = "WebApiContrib.Formatting.Jsonp", "src\WebApiContrib.Formatting.Jsonp\WebApiContrib.Formatting.Jsonp.csproj", "{CD617362-8723-4592-A3B3-D2FBEF645CD2}"
EndProject
Project("{2150E333-8FDC-42A3-9474-1A3956D46DE8}") = ".nuget", ".nuget", "{B0465E1E-C558-4A08-BD29-512DD3699FEF}"
	ProjectSection(SolutionItems) = preProject
		.nuget\NuGet.Config = .nuget\NuGet.Config
		.nuget\NuGet.targets = .nuget\NuGet.targets
		.nuget\packages.config = .nuget\packages.config
	EndProjectSection
EndProject
Project("{FAE04EC0-301F-11D3-BF4B-00C04F79EFBC}") = "WebContribContrib.Formatting.Jsonp.SampleWebHost", "src\WebApiContrib.Formatting.Jsonp.SampleWebHost\WebContribContrib.Formatting.Jsonp.SampleWebHost.csproj", "{2BB842CA-1B0D-4405-80D0-CF87702F6310}"
EndProject
Project("{FAE04EC0-301F-11D3-BF4B-00C04F79EFBC}") = "WebApiContrib.Formatting.Jsonp.SampleJQueryClient", "src\WebApiContrib.Formatting.Jsonp.SampleJQueryClient\WebApiContrib.Formatting.Jsonp.SampleJQueryClient.csproj", "{05EA8FD1-BBA8-49FD-AF7F-2B991A80B53E}"
EndProject
Project("{FAE04EC0-301F-11D3-BF4B-00C04F79EFBC}") = "WebApiContrib.Formatting.Jsonp.Tests", "test\WebApiContrib.Formatting.Jsonp.Tests\WebApiContrib.Formatting.Jsonp.Tests.csproj", "{A6233026-A0E5-43A5-83CB-356603DF9BBC}"
EndProject
Global
	GlobalSection(SolutionConfigurationPlatforms) = preSolution
		Debug|Any CPU = Debug|Any CPU
		Release|Any CPU = Release|Any CPU
	EndGlobalSection
	GlobalSection(ProjectConfigurationPlatforms) = postSolution
		{CD617362-8723-4592-A3B3-D2FBEF645CD2}.Debug|Any CPU.ActiveCfg = Debug|Any CPU
		{CD617362-8723-4592-A3B3-D2FBEF645CD2}.Debug|Any CPU.Build.0 = Debug|Any CPU
		{CD617362-8723-4592-A3B3-D2FBEF645CD2}.Release|Any CPU.ActiveCfg = Release|Any CPU
		{CD617362-8723-4592-A3B3-D2FBEF645CD2}.Release|Any CPU.Build.0 = Release|Any CPU
		{2BB842CA-1B0D-4405-80D0-CF87702F6310}.Debug|Any CPU.ActiveCfg = Debug|Any CPU
		{2BB842CA-1B0D-4405-80D0-CF87702F6310}.Debug|Any CPU.Build.0 = Debug|Any CPU
		{2BB842CA-1B0D-4405-80D0-CF87702F6310}.Release|Any CPU.ActiveCfg = Release|Any CPU
		{2BB842CA-1B0D-4405-80D0-CF87702F6310}.Release|Any CPU.Build.0 = Release|Any CPU
		{05EA8FD1-BBA8-49FD-AF7F-2B991A80B53E}.Debug|Any CPU.ActiveCfg = Debug|Any CPU
		{05EA8FD1-BBA8-49FD-AF7F-2B991A80B53E}.Debug|Any CPU.Build.0 = Debug|Any CPU
		{05EA8FD1-BBA8-49FD-AF7F-2B991A80B53E}.Release|Any CPU.ActiveCfg = Release|Any CPU
		{05EA8FD1-BBA8-49FD-AF7F-2B991A80B53E}.Release|Any CPU.Build.0 = Release|Any CPU
		{A6233026-A0E5-43A5-83CB-356603DF9BBC}.Debug|Any CPU.ActiveCfg = Debug|Any CPU
		{A6233026-A0E5-43A5-83CB-356603DF9BBC}.Debug|Any CPU.Build.0 = Debug|Any CPU
		{A6233026-A0E5-43A5-83CB-356603DF9BBC}.Release|Any CPU.ActiveCfg = Release|Any CPU
		{A6233026-A0E5-43A5-83CB-356603DF9BBC}.Release|Any CPU.Build.0 = Release|Any CPU
	EndGlobalSection
	GlobalSection(SolutionProperties) = preSolution
		HideSolutionNode = FALSE
	EndGlobalSection
EndGlobal
